
Microsoft Visual Studio Solution File, Format Version 12.00
# Visual Studio Version 17
VisualStudioVersion = 17.8.34525.116
MinimumVisualStudioVersion = 10.0.40219.1
Project("{FAE04EC0-301F-11D3-BF4B-00C04F79EFBC}") = "ConsultorioChatBot.Data", "src\ConsultorioChatBot.Data\ConsultorioChatBot.Data.csproj", "{C8EBADCC-514E-4BD6-94FB-9EA2EE4350FA}"
EndProject
Project("{FAE04EC0-301F-11D3-BF4B-00C04F79EFBC}") = "ConsultorioChatBot.Business", "src\ConsultorioChatBot.Business\ConsultorioChatBot.Business.csproj", "{0DD24E40-0492-4976-87C1-4F3A7AEE78AF}"
EndProject
Project("{FAE04EC0-301F-11D3-BF4B-00C04F79EFBC}") = "ConsultorioChatBot.API", "src\ConsultorioChatBot.API\ConsultorioChatBot.API.csproj", "{80A5A778-5D92-4097-8E33-17DCEE63381E}"
EndProject
Global
	GlobalSection(SolutionConfigurationPlatforms) = preSolution
		Debug|Any CPU = Debug|Any CPU
		Release|Any CPU = Release|Any CPU
	EndGlobalSection
	GlobalSection(ProjectConfigurationPlatforms) = postSolution
		{C8EBADCC-514E-4BD6-94FB-9EA2EE4350FA}.Debug|Any CPU.ActiveCfg = Debug|Any CPU
		{C8EBADCC-514E-4BD6-94FB-9EA2EE4350FA}.Debug|Any CPU.Build.0 = Debug|Any CPU
		{C8EBADCC-514E-4BD6-94FB-9EA2EE4350FA}.Release|Any CPU.ActiveCfg = Release|Any CPU
		{C8EBADCC-514E-4BD6-94FB-9EA2EE4350FA}.Release|Any CPU.Build.0 = Release|Any CPU
		{0DD24E40-0492-4976-87C1-4F3A7AEE78AF}.Debug|Any CPU.ActiveCfg = Debug|Any CPU
		{0DD24E40-0492-4976-87C1-4F3A7AEE78AF}.Debug|Any CPU.Build.0 = Debug|Any CPU
		{0DD24E40-0492-4976-87C1-4F3A7AEE78AF}.Release|Any CPU.ActiveCfg = Release|Any CPU
		{0DD24E40-0492-4976-87C1-4F3A7AEE78AF}.Release|Any CPU.Build.0 = Release|Any CPU
		{80A5A778-5D92-4097-8E33-17DCEE63381E}.Debug|Any CPU.ActiveCfg = Debug|Any CPU
		{80A5A778-5D92-4097-8E33-17DCEE63381E}.Debug|Any CPU.Build.0 = Debug|Any CPU
		{80A5A778-5D92-4097-8E33-17DCEE63381E}.Release|Any CPU.ActiveCfg = Release|Any CPU
		{80A5A778-5D92-4097-8E33-17DCEE63381E}.Release|Any CPU.Build.0 = Release|Any CPU
	EndGlobalSection
	GlobalSection(SolutionProperties) = preSolution
		HideSolutionNode = FALSE
	EndGlobalSection
	GlobalSection(ExtensibilityGlobals) = postSolution
		SolutionGuid = {DF7AE9F7-AD1C-448B-8D38-7AA7A6614E40}
	EndGlobalSection
EndGlobal
